
Microsoft Visual Studio Solution File, Format Version 12.00
# Visual Studio Version 17
VisualStudioVersion = 17.2.32616.157
MinimumVisualStudioVersion = 10.0.40219.1
Project("{FAE04EC0-301F-11D3-BF4B-00C04F79EFBC}") = "ConsoleApp16", "ConsoleApp16.csproj", "{8D27CEE7-5A02-4D60-A23C-1CEF18EABE92}"
EndProject
Global
	GlobalSection(SolutionConfigurationPlatforms) = preSolution
		Debug|Any CPU = Debug|Any CPU
		Release|Any CPU = Release|Any CPU
	EndGlobalSection
	GlobalSection(ProjectConfigurationPlatforms) = postSolution
		{8D27CEE7-5A02-4D60-A23C-1CEF18EABE92}.Debug|Any CPU.ActiveCfg = Debug|Any CPU
		{8D27CEE7-5A02-4D60-A23C-1CEF18EABE92}.Debug|Any CPU.Build.0 = Debug|Any CPU
		{8D27CEE7-5A02-4D60-A23C-1CEF18EABE92}.Release|Any CPU.ActiveCfg = Release|Any CPU
		{8D27CEE7-5A02-4D60-A23C-1CEF18EABE92}.Release|Any CPU.Build.0 = Release|Any CPU
	EndGlobalSection
	GlobalSection(SolutionProperties) = preSolution
		HideSolutionNode = FALSE
	EndGlobalSection
	GlobalSection(ExtensibilityGlobals) = postSolution
		SolutionGuid = {DECDCD17-67FA-4840-903A-63B4F7B41B99}
	EndGlobalSection
EndGlobal
